PODS:
  - Alamofire (4.7.2)
  - SwiftChart (1.0.1)

DEPENDENCIES:
  - Alamofire (= 4.7.2)
  - SwiftChart (= 1.0.1)

SPEC REPOS:
  trunk:
    - Alamofire
    - SwiftChart

SPEC CHECKSUMS:
  Alamofire: e4fa87002c137ba2d8d634d2c51fabcda0d5c223
  SwiftChart: ba767a678d568a5ee22d419e146a0582865e1aff

PODFILE CHECKSUM: cf3808a3a1e7ba327800361fde24e4a4fadae46f

COCOAPODS: 1.8.4
